{
  "nodes": {
    "firefox-addons": {
      "inputs": {
        "nixpkgs": [
          "nixpkgs"
        ]
      },
      "locked": {
        "dir": "pkgs/firefox-addons",
        "lastModified": 1781150628,
        "narHash": "sha256-b4mp8l3qWuSCyYYo9HSngDtcB3PpecYiOXjULrjwwlw=",
        "owner": "rycee",
        "repo": "nur-expressions",
        "rev": "753319310f4673a2dabbfab87482187b40bf9bac",
        "type": "gitlab"
      },
      "original": {
        "dir": "pkgs/firefox-addons",
        "owner": "rycee",
        "repo": "nur-expressions",
        "type": "gitlab"
      }
    },
    "flake-parts": {
      "inputs": {
        "nixpkgs-lib": [
          "neovim-nightly-overlay",
          "nixpkgs"
        ]
      },
      "locked": {
        "lastModified": 1778716662,
        "narHash": "sha256-m1Yf0wZ8j1OHjTc2UwHwyQRSnNeSgLJOd7q5Y45hzi4=",
        "owner": "hercules-ci",
        "repo": "flake-parts",
        "rev": "f7c1a2d347e4c52d5fb8d10cb4d94b5884e546fb",
        "type": "github"
      },
      "original": {
        "owner": "hercules-ci",
        "repo": "flake-parts",
        "type": "github"
      }
    },
    "flake-parts_2": {
      "inputs": {
        "nixpkgs-lib": [
          "nixvim",
          "nixpkgs"
        ]
      },
      "locked": {
        "lastModified": 1778716662,
        "narHash": "sha256-m1Yf0wZ8j1OHjTc2UwHwyQRSnNeSgLJOd7q5Y45hzi4=",
        "owner": "hercules-ci",
        "repo": "flake-parts",
        "rev": "f7c1a2d347e4c52d5fb8d10cb4d94b5884e546fb",
        "type": "github"
      },
      "original": {
        "owner": "hercules-ci",
        "repo": "flake-parts",
        "type": "github"
      }
    },
    "home-manager": {
      "inputs": {
        "nixpkgs": "nixpkgs"
      },
      "locked": {
        "lastModified": 1781129616,
        "narHash": "sha256-Hl0Pz/QIKpePSU7SdK3BMe5VNmUhFvfWyg57GyawxzE=",
        "owner": "nix-community",
        "repo": "home-manager",
        "rev": "7dbd305f8b81050f223f00bcfbc8a6b74e048806",
        "type": "github"
      },
      "original": {
        "id": "home-manager",
        "type": "indirect"
      }
    },
    "neovim-nightly-overlay": {
      "inputs": {
        "flake-parts": "flake-parts",
        "neovim-src": "neovim-src",
        "nixpkgs": "nixpkgs_2"
      },
      "locked": {
        "lastModified": 1781161889,
        "narHash": "sha256-hLIhIR/70qo9PRzpzukwvKtOYEFuEh3jSgaO8mCInNQ=",
        "owner": "nix-community",
        "repo": "neovim-nightly-overlay",
        "rev": "73ae88c4a2b85cf1ce37e78fab264aed42426da4",
        "type": "github"
      },
      "original": {
        "owner": "nix-community",
        "repo": "neovim-nightly-overlay",
        "type": "github"
      }
    },
    "neovim-src": {
      "flake": false,
      "locked": {
        "lastModified": 1781133913,
        "narHash": "sha256-iCEWuXvM6ME17luIYdkVIARhLC+LtLolf5g/hdyc+pU=",
        "owner": "neovim",
        "repo": "neovim",
        "rev": "d42f7ee9dcbbece1c65d901fb9825fbe97eeedce",
        "type": "github"
      },
      "original": {
        "owner": "neovim",
        "repo": "neovim",
        "type": "github"
      }
    },
    "nixpkgs": {
      "locked": {
        "lastModified": 1780365719,
        "narHash": "sha256-QfWfccTN+70ZQ4m2qlU9PiKfz2Yppq94058iJyARNwc=",
        "owner": "NixOS",
        "repo": "nixpkgs",
        "rev": "ffa10e26ae11d676b2db836259889f1f571cb14f",
        "type": "github"
      },
      "original": {
        "owner": "NixOS",
        "ref": "nixpkgs-unstable",
        "repo": "nixpkgs",
        "type": "github"
      }
    },
    "nixpkgs_2": {
      "locked": {
        "lastModified": 1780930886,
        "narHash": "sha256-rppURzHviaQN131F+nLiLdGfcb0uCd9gGP0E5+iw9MI=",
        "owner": "NixOS",
        "repo": "nixpkgs",
        "rev": "8c3cede7ddc26bd659d2d383b5610efbd2c7a16e",
        "type": "github"
      },
      "original": {
        "owner": "NixOS",
        "ref": "nixpkgs-unstable",
        "repo": "nixpkgs",
        "type": "github"
      }
    },
    "nixpkgs_3": {
      "locked": {
        "lastModified": 1780749050,
        "narHash": "sha256-3av0pIjlOWQ6rDbNOmpUSvbNnJkGORQKKjb4LtCZsIY=",
        "owner": "nixos",
        "repo": "nixpkgs",
        "rev": "a799d3e3886da994fa307f817a6bc705ae538eeb",
        "type": "github"
      },
      "original": {
        "owner": "nixos",
        "ref": "nixos-unstable",
        "repo": "nixpkgs",
        "type": "github"
      }
    },
    "nixvim": {
      "inputs": {
        "flake-parts": "flake-parts_2",
        "nixpkgs": [
          "nixpkgs"
        ],
        "systems": "systems"
      },
      "locked": {
        "lastModified": 1781034432,
        "narHash": "sha256-+UuS36un3lXLtKsGCYQnOn51hDhB+dZ1SHoHXClnV/0=",
        "owner": "nix-community",
        "repo": "nixvim",
        "rev": "e9fbbd56eab78751ba4c166c31a1667042528ced",
        "type": "github"
      },
      "original": {
        "owner": "nix-community",
        "repo": "nixvim",
        "type": "github"
      }
    },
    "root": {
      "inputs": {
        "firefox-addons": "firefox-addons",
        "home-manager": "home-manager",
        "neovim-nightly-overlay": "neovim-nightly-overlay",
        "nixpkgs": "nixpkgs_3",
        "nixvim": "nixvim"
      }
    },
    "systems": {
      "locked": {
        "lastModified": 1774449309,
        "narHash": "sha256-brhZ8DmuGtzkCYHJg4HEd602amKm89Y9ytsFZ5uWD1w=",
        "owner": "nix-systems",
        "repo": "default",
        "rev": "c29398b59d2048c4ab79345812849c9bd15e9150",
        "type": "github"
      },
      "original": {
        "owner": "nix-systems",
        "ref": "future-26.11",
        "repo": "default",
        "type": "github"
      }
    }
  },
  "root": "root",
  "version": 7
}
